
Microsoft Visual Studio Solution File, Format Version 12.00
# Visual Studio Version 17
VisualStudioVersion = 17.14.36203.30 d17.14
MinimumVisualStudioVersion = 10.0.40219.1
Project("{FAE04EC0-301F-11D3-BF4B-00C04F79EFBC}") = "Model", "Model\Model.csproj", "{6AC3F07D-1232-40E9-B683-57B37784742D}"
EndProject
Project("{FAE04EC0-301F-11D3-BF4B-00C04F79EFBC}") = "HttpAccess", "HttpAccess\HttpAccess.csproj", "{D46AFFFA-16FC-41B4-B8F1-F82A50B465BF}"
EndProject
Project("{FAE04EC0-301F-11D3-BF4B-00C04F79EFBC}") = "HttpAccessTests", "HttpAccessTests\HttpAccessTests.csproj", "{9760CEC3-7503-4D7B-A394-88E3C341C8E4}"
EndProject
Global
	GlobalSection(SolutionConfigurationPlatforms) = preSolution
		Debug|Any CPU = Debug|Any CPU
		Release|Any CPU = Release|Any CPU
	EndGlobalSection
	GlobalSection(ProjectConfigurationPlatforms) = postSolution
		{6AC3F07D-1232-40E9-B683-57B37784742D}.Debug|Any CPU.ActiveCfg = Debug|Any CPU
		{6AC3F07D-1232-40E9-B683-57B37784742D}.Debug|Any CPU.Build.0 = Debug|Any CPU
		{6AC3F07D-1232-40E9-B683-57B37784742D}.Release|Any CPU.ActiveCfg = Release|Any CPU
		{6AC3F07D-1232-40E9-B683-57B37784742D}.Release|Any CPU.Build.0 = Release|Any CPU
		{D46AFFFA-16FC-41B4-B8F1-F82A50B465BF}.Debug|Any CPU.ActiveCfg = Debug|Any CPU
		{D46AFFFA-16FC-41B4-B8F1-F82A50B465BF}.Debug|Any CPU.Build.0 = Debug|Any CPU
		{D46AFFFA-16FC-41B4-B8F1-F82A50B465BF}.Release|Any CPU.ActiveCfg = Release|Any CPU
		{D46AFFFA-16FC-41B4-B8F1-F82A50B465BF}.Release|Any CPU.Build.0 = Release|Any CPU
		{9760CEC3-7503-4D7B-A394-88E3C341C8E4}.Debug|Any CPU.ActiveCfg = Debug|Any CPU
		{9760CEC3-7503-4D7B-A394-88E3C341C8E4}.Debug|Any CPU.Build.0 = Debug|Any CPU
		{9760CEC3-7503-4D7B-A394-88E3C341C8E4}.Release|Any CPU.ActiveCfg = Release|Any CPU
		{9760CEC3-7503-4D7B-A394-88E3C341C8E4}.Release|Any CPU.Build.0 = Release|Any CPU
	EndGlobalSection
	GlobalSection(SolutionProperties) = preSolution
		HideSolutionNode = FALSE
	EndGlobalSection
	GlobalSection(ExtensibilityGlobals) = postSolution
		SolutionGuid = {159197E1-FC41-4BEB-8DE2-52D826615CA7}
	EndGlobalSection
EndGlobal
