
Microsoft Visual Studio Solution File, Format Version 12.00
# Visual Studio Version 17
VisualStudioVersion = 17.14.36203.30
MinimumVisualStudioVersion = 10.0.40219.1
Project("{FAE04EC0-301F-11D3-BF4B-00C04F79EFBC}") = "HttpAccess", "HttpAccess\HttpAccess.csproj", "{D46AFFFA-16FC-41B4-B8F1-F82A50B465BF}"
EndProject
Project("{FAE04EC0-301F-11D3-BF4B-00C04F79EFBC}") = "HttpAccessTests", "HttpAccessTests\HttpAccessTests.csproj", "{9760CEC3-7503-4D7B-A394-88E3C341C8E4}"
EndProject
Project("{FAE04EC0-301F-11D3-BF4B-00C04F79EFBC}") = "Core", "Core\Core.csproj", "{BD3122BF-FDC0-4186-B577-7490D6AA7FB1}"
EndProject
Project("{FAE04EC0-301F-11D3-BF4B-00C04F79EFBC}") = "DBModel", "DBModel\DBModel.csproj", "{0F20799E-B9CB-493E-9EFB-C1586B5BD3EE}"
EndProject
Project("{FAE04EC0-301F-11D3-BF4B-00C04F79EFBC}") = "DbAccess", "DbAccess\DbAccess.csproj", "{4BE03A90-3E11-435B-8C5E-BDD4CFE0D672}"
EndProject
Project("{FAE04EC0-301F-11D3-BF4B-00C04F79EFBC}") = "Core.Tests", "Core.Tests\Core.Tests.csproj", "{FB03221A-AAC3-4C11-8212-F2DBAA321BFA}"
EndProject
Project("{FAE04EC0-301F-11D3-BF4B-00C04F79EFBC}") = "HttpModel", "HttpModel\HttpModel.csproj", "{08CF7A6C-18A5-4EF5-8348-4AC5EDF1CBE3}"
EndProject
Project("{FAE04EC0-301F-11D3-BF4B-00C04F79EFBC}") = "DbAccessTests", "DbAccessTests\DbAccessTests.csproj", "{F3B7AD3E-DEE1-8216-3C83-0214AA7AF216}"
EndProject
Global
	GlobalSection(SolutionConfigurationPlatforms) = preSolution
		Debug|Any CPU = Debug|Any CPU
		Release|Any CPU = Release|Any CPU
	EndGlobalSection
	GlobalSection(ProjectConfigurationPlatforms) = postSolution
		{D46AFFFA-16FC-41B4-B8F1-F82A50B465BF}.Debug|Any CPU.ActiveCfg = Debug|Any CPU
		{D46AFFFA-16FC-41B4-B8F1-F82A50B465BF}.Debug|Any CPU.Build.0 = Debug|Any CPU
		{D46AFFFA-16FC-41B4-B8F1-F82A50B465BF}.Release|Any CPU.ActiveCfg = Release|Any CPU
		{D46AFFFA-16FC-41B4-B8F1-F82A50B465BF}.Release|Any CPU.Build.0 = Release|Any CPU
		{9760CEC3-7503-4D7B-A394-88E3C341C8E4}.Debug|Any CPU.ActiveCfg = Debug|Any CPU
		{9760CEC3-7503-4D7B-A394-88E3C341C8E4}.Debug|Any CPU.Build.0 = Debug|Any CPU
		{9760CEC3-7503-4D7B-A394-88E3C341C8E4}.Release|Any CPU.ActiveCfg = Release|Any CPU
		{9760CEC3-7503-4D7B-A394-88E3C341C8E4}.Release|Any CPU.Build.0 = Release|Any CPU
		{BD3122BF-FDC0-4186-B577-7490D6AA7FB1}.Debug|Any CPU.ActiveCfg = Debug|Any CPU
		{BD3122BF-FDC0-4186-B577-7490D6AA7FB1}.Debug|Any CPU.Build.0 = Debug|Any CPU
		{BD3122BF-FDC0-4186-B577-7490D6AA7FB1}.Release|Any CPU.ActiveCfg = Release|Any CPU
		{BD3122BF-FDC0-4186-B577-7490D6AA7FB1}.Release|Any CPU.Build.0 = Release|Any CPU
		{0F20799E-B9CB-493E-9EFB-C1586B5BD3EE}.Debug|Any CPU.ActiveCfg = Debug|Any CPU
		{0F20799E-B9CB-493E-9EFB-C1586B5BD3EE}.Debug|Any CPU.Build.0 = Debug|Any CPU
		{0F20799E-B9CB-493E-9EFB-C1586B5BD3EE}.Release|Any CPU.ActiveCfg = Release|Any CPU
		{0F20799E-B9CB-493E-9EFB-C1586B5BD3EE}.Release|Any CPU.Build.0 = Release|Any CPU
		{4BE03A90-3E11-435B-8C5E-BDD4CFE0D672}.Debug|Any CPU.ActiveCfg = Debug|Any CPU
		{4BE03A90-3E11-435B-8C5E-BDD4CFE0D672}.Debug|Any CPU.Build.0 = Debug|Any CPU
		{4BE03A90-3E11-435B-8C5E-BDD4CFE0D672}.Release|Any CPU.ActiveCfg = Release|Any CPU
		{4BE03A90-3E11-435B-8C5E-BDD4CFE0D672}.Release|Any CPU.Build.0 = Release|Any CPU
		{FB03221A-AAC3-4C11-8212-F2DBAA321BFA}.Debug|Any CPU.ActiveCfg = Debug|Any CPU
		{FB03221A-AAC3-4C11-8212-F2DBAA321BFA}.Debug|Any CPU.Build.0 = Debug|Any CPU
		{FB03221A-AAC3-4C11-8212-F2DBAA321BFA}.Release|Any CPU.ActiveCfg = Release|Any CPU
		{FB03221A-AAC3-4C11-8212-F2DBAA321BFA}.Release|Any CPU.Build.0 = Release|Any CPU
		{08CF7A6C-18A5-4EF5-8348-4AC5EDF1CBE3}.Debug|Any CPU.ActiveCfg = Debug|Any CPU
		{08CF7A6C-18A5-4EF5-8348-4AC5EDF1CBE3}.Debug|Any CPU.Build.0 = Debug|Any CPU
		{08CF7A6C-18A5-4EF5-8348-4AC5EDF1CBE3}.Release|Any CPU.ActiveCfg = Release|Any CPU
		{08CF7A6C-18A5-4EF5-8348-4AC5EDF1CBE3}.Release|Any CPU.Build.0 = Release|Any CPU
		{F3B7AD3E-DEE1-8216-3C83-0214AA7AF216}.Debug|Any CPU.ActiveCfg = Debug|Any CPU
		{F3B7AD3E-DEE1-8216-3C83-0214AA7AF216}.Debug|Any CPU.Build.0 = Debug|Any CPU
		{F3B7AD3E-DEE1-8216-3C83-0214AA7AF216}.Release|Any CPU.ActiveCfg = Release|Any CPU
		{F3B7AD3E-DEE1-8216-3C83-0214AA7AF216}.Release|Any CPU.Build.0 = Release|Any CPU
	EndGlobalSection
	GlobalSection(SolutionProperties) = preSolution
		HideSolutionNode = FALSE
	EndGlobalSection
	GlobalSection(ExtensibilityGlobals) = postSolution
		SolutionGuid = {159197E1-FC41-4BEB-8DE2-52D826615CA7}
	EndGlobalSection
EndGlobal
